
Microsoft Visual Studio Solution File, Format Version 12.00
# Visual Studio 2012
Project("{8BC9CEB8-8B4A-11D0-8D11-00A0C91BC942}") = "20150115", "20150115\20150115.vcxproj", "{9AFC7F28-937D-45F6-A4B0-B29717ECFC5C}"
EndProject
Global
	GlobalSection(SolutionConfigurationPlatforms) = preSolution
		Debug|Win32 = Debug|Win32
		Release|Win32 = Release|Win32
	EndGlobalSection
	GlobalSection(ProjectConfigurationPlatforms) = postSolution
		{9AFC7F28-937D-45F6-A4B0-B29717ECFC5C}.Debug|Win32.ActiveCfg = Debug|Win32
		{9AFC7F28-937D-45F6-A4B0-B29717ECFC5C}.Debug|Win32.Build.0 = Debug|Win32
		{9AFC7F28-937D-45F6-A4B0-B29717ECFC5C}.Release|Win32.ActiveCfg = Release|Win32
		{9AFC7F28-937D-45F6-A4B0-B29717ECFC5C}.Release|Win32.Build.0 = Release|Win32
	EndGlobalSection
	GlobalSection(SolutionProperties) = preSolution
		HideSolutionNode = FALSE
	EndGlobalSection
EndGlobal
